
Microsoft Visual Studio Solution File, Format Version 12.00
# Visual Studio Version 17
VisualStudioVersion = 17.5.33424.131
MinimumVisualStudioVersion = 10.0.40219.1
Project("{FAE04EC0-301F-11D3-BF4B-00C04F79EFBC}") = "H1 - Programmering", "H1 - Programmering\H1 - Programmering.csproj", "{07A8CAB6-B968-48FB-9B34-221FCB4E2982}"
EndProject
Global
	GlobalSection(SolutionConfigurationPlatforms) = preSolution
		Debug|Any CPU = Debug|Any CPU
		Release|Any CPU = Release|Any CPU
	EndGlobalSection
	GlobalSection(ProjectConfigurationPlatforms) = postSolution
		{07A8CAB6-B968-48FB-9B34-221FCB4E2982}.Debug|Any CPU.ActiveCfg = Debug|Any CPU
		{07A8CAB6-B968-48FB-9B34-221FCB4E2982}.Debug|Any CPU.Build.0 = Debug|Any CPU
		{07A8CAB6-B968-48FB-9B34-221FCB4E2982}.Release|Any CPU.ActiveCfg = Release|Any CPU
		{07A8CAB6-B968-48FB-9B34-221FCB4E2982}.Release|Any CPU.Build.0 = Release|Any CPU
	EndGlobalSection
	GlobalSection(SolutionProperties) = preSolution
		HideSolutionNode = FALSE
	EndGlobalSection
	GlobalSection(ExtensibilityGlobals) = postSolution
		SolutionGuid = {075643E6-B014-47B7-B2C8-386789094FFF}
	EndGlobalSection
EndGlobal
